
Microsoft Visual Studio Solution File, Format Version 12.00
# Visual Studio 2013
VisualStudioVersion = 12.0.30501.0
MinimumVisualStudioVersion = 10.0.40219.1
Project("{FAE04EC0-301F-11D3-BF4B-00C04F79EFBC}") = "visa", "visa\visa.csproj", "{B1F74E2B-04D0-4870-9378-B88A5089584F}"
EndProject
Global
	GlobalSection(SolutionConfigurationPlatforms) = preSolution
		Debug|Any CPU = Debug|Any CPU
		Release|Any CPU = Release|Any CPU
	EndGlobalSection
	GlobalSection(ProjectConfigurationPlatforms) = postSolution
		{B1F74E2B-04D0-4870-9378-B88A5089584F}.Debug|Any CPU.ActiveCfg = Debug|Any CPU
		{B1F74E2B-04D0-4870-9378-B88A5089584F}.Debug|Any CPU.Build.0 = Debug|Any CPU
		{B1F74E2B-04D0-4870-9378-B88A5089584F}.Release|Any CPU.ActiveCfg = Release|Any CPU
		{B1F74E2B-04D0-4870-9378-B88A5089584F}.Release|Any CPU.Build.0 = Release|Any CPU
	EndGlobalSection
	GlobalSection(SolutionProperties) = preSolution
		HideSolutionNode = FALSE
	EndGlobalSection
EndGlobal
